
Microsoft Visual Studio Solution File, Format Version 12.00
# Visual Studio 15
VisualStudioVersion = 15.0.26730.16
MinimumVisualStudioVersion = 10.0.40219.1
Project("{FAE04EC0-301F-11D3-BF4B-00C04F79EFBC}") = "AISweeper", "AISweeper\AISweeper.csproj", "{9DC14DE0-5875-4EB0-B5C9-E2C90A7C667C}"
EndProject
Global
	GlobalSection(SolutionConfigurationPlatforms) = preSolution
		Debug|Any CPU = Debug|Any CPU
		Release|Any CPU = Release|Any CPU
	EndGlobalSection
	GlobalSection(ProjectConfigurationPlatforms) = postSolution
		{9DC14DE0-5875-4EB0-B5C9-E2C90A7C667C}.Debug|Any CPU.ActiveCfg = Debug|Any CPU
		{9DC14DE0-5875-4EB0-B5C9-E2C90A7C667C}.Debug|Any CPU.Build.0 = Debug|Any CPU
		{9DC14DE0-5875-4EB0-B5C9-E2C90A7C667C}.Release|Any CPU.ActiveCfg = Release|Any CPU
		{9DC14DE0-5875-4EB0-B5C9-E2C90A7C667C}.Release|Any CPU.Build.0 = Release|Any CPU
	EndGlobalSection
	GlobalSection(SolutionProperties) = preSolution
		HideSolutionNode = FALSE
	EndGlobalSection
	GlobalSection(ExtensibilityGlobals) = postSolution
		SolutionGuid = {CF326023-9026-4C21-8E25-470982138457}
	EndGlobalSection
EndGlobal
